
Microsoft Visual Studio Solution File, Format Version 12.00
# Visual Studio Version 16
VisualStudioVersion = 16.0.28729.10
MinimumVisualStudioVersion = 15.0.26124.0
Project("{9A19103F-16F7-4668-BE54-9A1E7A4F7556}") = "Server", "Server\Server.csproj", "{8E748A98-C392-4188-A57F-10A1C41C238F}"
EndProject
Project("{9A19103F-16F7-4668-BE54-9A1E7A4F7556}") = "Common", "Common\Common.csproj", "{63BB9C0A-3957-4C58-A81B-F01F4DFE7B26}"
EndProject
Project("{9A19103F-16F7-4668-BE54-9A1E7A4F7556}") = "UnitTestingClientLogic", "UnitTestingClient\UnitTestingClientLogic.csproj", "{EC897841-55FE-4D52-BB75-77B40BC5A650}"
EndProject
Project("{9A19103F-16F7-4668-BE54-9A1E7A4F7556}") = "ClientLogic", "ClientLogic\ClientLogic.csproj", "{21DA3E65-BFDD-48E6-BB66-295B57445CFB}"
EndProject
Project("{FAE04EC0-301F-11D3-BF4B-00C04F79EFBC}") = "Client", "Client\Client.csproj", "{AD758D68-B2A6-45DA-8FB0-72B972ADAEC6}"
EndProject
Project("{FAE04EC0-301F-11D3-BF4B-00C04F79EFBC}") = "UWPClientUnitTesting", "UWPClientUnitTesting\UWPClientUnitTesting.csproj", "{92AB10E0-574D-4186-ABA4-1486271B5F6D}"
EndProject
Global
	GlobalSection(SolutionConfigurationPlatforms) = preSolution
		Debug|Any CPU = Debug|Any CPU
		Debug|ARM = Debug|ARM
		Debug|ARM64 = Debug|ARM64
		Debug|x64 = Debug|x64
		Debug|x86 = Debug|x86
		Release|Any CPU = Release|Any CPU
		Release|ARM = Release|ARM
		Release|ARM64 = Release|ARM64
		Release|x64 = Release|x64
		Release|x86 = Release|x86
	EndGlobalSection
	GlobalSection(ProjectConfigurationPlatforms) = postSolution
		{8E748A98-C392-4188-A57F-10A1C41C238F}.Debug|Any CPU.ActiveCfg = Debug|Any CPU
		{8E748A98-C392-4188-A57F-10A1C41C238F}.Debug|Any CPU.Build.0 = Debug|Any CPU
		{8E748A98-C392-4188-A57F-10A1C41C238F}.Debug|ARM.ActiveCfg = Debug|Any CPU
		{8E748A98-C392-4188-A57F-10A1C41C238F}.Debug|ARM.Build.0 = Debug|Any CPU
		{8E748A98-C392-4188-A57F-10A1C41C238F}.Debug|ARM64.ActiveCfg = Debug|Any CPU
		{8E748A98-C392-4188-A57F-10A1C41C238F}.Debug|ARM64.Build.0 = Debug|Any CPU
		{8E748A98-C392-4188-A57F-10A1C41C238F}.Debug|x64.ActiveCfg = Debug|Any CPU
		{8E748A98-C392-4188-A57F-10A1C41C238F}.Debug|x64.Build.0 = Debug|Any CPU
		{8E748A98-C392-4188-A57F-10A1C41C238F}.Debug|x86.ActiveCfg = Debug|Any CPU
		{8E748A98-C392-4188-A57F-10A1C41C238F}.Debug|x86.Build.0 = Debug|Any CPU
		{8E748A98-C392-4188-A57F-10A1C41C238F}.Release|Any CPU.ActiveCfg = Release|Any CPU
		{8E748A98-C392-4188-A57F-10A1C41C238F}.Release|Any CPU.Build.0 = Release|Any CPU
		{8E748A98-C392-4188-A57F-10A1C41C238F}.Release|ARM.ActiveCfg = Release|Any CPU
		{8E748A98-C392-4188-A57F-10A1C41C238F}.Release|ARM.Build.0 = Release|Any CPU
		{8E748A98-C392-4188-A57F-10A1C41C238F}.Release|ARM64.ActiveCfg = Release|Any CPU
		{8E748A98-C392-4188-A57F-10A1C41C238F}.Release|ARM64.Build.0 = Release|Any CPU
		{8E748A98-C392-4188-A57F-10A1C41C238F}.Release|x64.ActiveCfg = Release|Any CPU
		{8E748A98-C392-4188-A57F-10A1C41C238F}.Release|x64.Build.0 = Release|Any CPU
		{8E748A98-C392-4188-A57F-10A1C41C238F}.Release|x86.ActiveCfg = Release|Any CPU
		{8E748A98-C392-4188-A57F-10A1C41C238F}.Release|x86.Build.0 = Release|Any CPU
		{63BB9C0A-3957-4C58-A81B-F01F4DFE7B26}.Debug|Any CPU.ActiveCfg = Debug|Any CPU
		{63BB9C0A-3957-4C58-A81B-F01F4DFE7B26}.Debug|Any CPU.Build.0 = Debug|Any CPU
		{63BB9C0A-3957-4C58-A81B-F01F4DFE7B26}.Debug|ARM.ActiveCfg = Debug|Any CPU
		{63BB9C0A-3957-4C58-A81B-F01F4DFE7B26}.Debug|ARM.Build.0 = Debug|Any CPU
		{63BB9C0A-3957-4C58-A81B-F01F4DFE7B26}.Debug|ARM64.ActiveCfg = Debug|Any CPU
		{63BB9C0A-3957-4C58-A81B-F01F4DFE7B26}.Debug|ARM64.Build.0 = Debug|Any CPU
		{63BB9C0A-3957-4C58-A81B-F01F4DFE7B26}.Debug|x64.ActiveCfg = Debug|Any CPU
		{63BB9C0A-3957-4C58-A81B-F01F4DFE7B26}.Debug|x64.Build.0 = Debug|Any CPU
		{63BB9C0A-3957-4C58-A81B-F01F4DFE7B26}.Debug|x86.ActiveCfg = Debug|Any CPU
		{63BB9C0A-3957-4C58-A81B-F01F4DFE7B26}.Debug|x86.Build.0 = Debug|Any CPU
		{63BB9C0A-3957-4C58-A81B-F01F4DFE7B26}.Release|Any CPU.ActiveCfg = Release|Any CPU
		{63BB9C0A-3957-4C58-A81B-F01F4DFE7B26}.Release|Any CPU.Build.0 = Release|Any CPU
		{63BB9C0A-3957-4C58-A81B-F01F4DFE7B26}.Release|ARM.ActiveCfg = Release|Any CPU
		{63BB9C0A-3957-4C58-A81B-F01F4DFE7B26}.Release|ARM.Build.0 = Release|Any CPU
		{63BB9C0A-3957-4C58-A81B-F01F4DFE7B26}.Release|ARM64.ActiveCfg = Release|Any CPU
		{63BB9C0A-3957-4C58-A81B-F01F4DFE7B26}.Release|ARM64.Build.0 = Release|Any CPU
		{63BB9C0A-3957-4C58-A81B-F01F4DFE7B26}.Release|x64.ActiveCfg = Release|Any CPU
		{63BB9C0A-3957-4C58-A81B-F01F4DFE7B26}.Release|x64.Build.0 = Release|Any CPU
		{63BB9C0A-3957-4C58-A81B-F01F4DFE7B26}.Release|x86.ActiveCfg = Release|Any CPU
		{63BB9C0A-3957-4C58-A81B-F01F4DFE7B26}.Release|x86.Build.0 = Release|Any CPU
		{EC897841-55FE-4D52-BB75-77B40BC5A650}.Debug|Any CPU.ActiveCfg = Debug|Any CPU
		{EC897841-55FE-4D52-BB75-77B40BC5A650}.Debug|Any CPU.Build.0 = Debug|Any CPU
		{EC897841-55FE-4D52-BB75-77B40BC5A650}.Debug|ARM.ActiveCfg = Debug|Any CPU
		{EC897841-55FE-4D52-BB75-77B40BC5A650}.Debug|ARM.Build.0 = Debug|Any CPU
		{EC897841-55FE-4D52-BB75-77B40BC5A650}.Debug|ARM64.ActiveCfg = Debug|Any CPU
		{EC897841-55FE-4D52-BB75-77B40BC5A650}.Debug|ARM64.Build.0 = Debug|Any CPU
		{EC897841-55FE-4D52-BB75-77B40BC5A650}.Debug|x64.ActiveCfg = Debug|Any CPU
		{EC897841-55FE-4D52-BB75-77B40BC5A650}.Debug|x64.Build.0 = Debug|Any CPU
		{EC897841-55FE-4D52-BB75-77B40BC5A650}.Debug|x86.ActiveCfg = Debug|Any CPU
		{EC897841-55FE-4D52-BB75-77B40BC5A650}.Debug|x86.Build.0 = Debug|Any CPU
		{EC897841-55FE-4D52-BB75-77B40BC5A650}.Release|Any CPU.ActiveCfg = Release|Any CPU
		{EC897841-55FE-4D52-BB75-77B40BC5A650}.Release|Any CPU.Build.0 = Release|Any CPU
		{EC897841-55FE-4D52-BB75-77B40BC5A650}.Release|ARM.ActiveCfg = Release|Any CPU
		{EC897841-55FE-4D52-BB75-77B40BC5A650}.Release|ARM.Build.0 = Release|Any CPU
		{EC897841-55FE-4D52-BB75-77B40BC5A650}.Release|ARM64.ActiveCfg = Release|Any CPU
		{EC897841-55FE-4D52-BB75-77B40BC5A650}.Release|ARM64.Build.0 = Release|Any CPU
		{EC897841-55FE-4D52-BB75-77B40BC5A650}.Release|x64.ActiveCfg = Release|Any CPU
		{EC897841-55FE-4D52-BB75-77B40BC5A650}.Release|x64.Build.0 = Release|Any CPU
		{EC897841-55FE-4D52-BB75-77B40BC5A650}.Release|x86.ActiveCfg = Release|Any CPU
		{EC897841-55FE-4D52-BB75-77B40BC5A650}.Release|x86.Build.0 = Release|Any CPU
		{21DA3E65-BFDD-48E6-BB66-295B57445CFB}.Debug|Any CPU.ActiveCfg = Debug|Any CPU
		{21DA3E65-BFDD-48E6-BB66-295B57445CFB}.Debug|Any CPU.Build.0 = Debug|Any CPU
		{21DA3E65-BFDD-48E6-BB66-295B57445CFB}.Debug|ARM.ActiveCfg = Debug|Any CPU
		{21DA3E65-BFDD-48E6-BB66-295B57445CFB}.Debug|ARM.Build.0 = Debug|Any CPU
		{21DA3E65-BFDD-48E6-BB66-295B57445CFB}.Debug|ARM64.ActiveCfg = Debug|Any CPU
		{21DA3E65-BFDD-48E6-BB66-295B57445CFB}.Debug|ARM64.Build.0 = Debug|Any CPU
		{21DA3E65-BFDD-48E6-BB66-295B57445CFB}.Debug|x64.ActiveCfg = Debug|Any CPU
		{21DA3E65-BFDD-48E6-BB66-295B57445CFB}.Debug|x64.Build.0 = Debug|Any CPU
		{21DA3E65-BFDD-48E6-BB66-295B57445CFB}.Debug|x86.ActiveCfg = Debug|Any CPU
		{21DA3E65-BFDD-48E6-BB66-295B57445CFB}.Debug|x86.Build.0 = Debug|Any CPU
		{21DA3E65-BFDD-48E6-BB66-295B57445CFB}.Release|Any CPU.ActiveCfg = Release|Any CPU
		{21DA3E65-BFDD-48E6-BB66-295B57445CFB}.Release|Any CPU.Build.0 = Release|Any CPU
		{21DA3E65-BFDD-48E6-BB66-295B57445CFB}.Release|ARM.ActiveCfg = Release|Any CPU
		{21DA3E65-BFDD-48E6-BB66-295B57445CFB}.Release|ARM.Build.0 = Release|Any CPU
		{21DA3E65-BFDD-48E6-BB66-295B57445CFB}.Release|ARM64.ActiveCfg = Release|Any CPU
		{21DA3E65-BFDD-48E6-BB66-295B57445CFB}.Release|ARM64.Build.0 = Release|Any CPU
		{21DA3E65-BFDD-48E6-BB66-295B57445CFB}.Release|x64.ActiveCfg = Release|Any CPU
		{21DA3E65-BFDD-48E6-BB66-295B57445CFB}.Release|x64.Build.0 = Release|Any CPU
		{21DA3E65-BFDD-48E6-BB66-295B57445CFB}.Release|x86.ActiveCfg = Release|Any CPU
		{21DA3E65-BFDD-48E6-BB66-295B57445CFB}.Release|x86.Build.0 = Release|Any CPU
		{AD758D68-B2A6-45DA-8FB0-72B972ADAEC6}.Debug|Any CPU.ActiveCfg = Debug|x86
		{AD758D68-B2A6-45DA-8FB0-72B972ADAEC6}.Debug|Any CPU.Build.0 = Debug|x86
		{AD758D68-B2A6-45DA-8FB0-72B972ADAEC6}.Debug|Any CPU.Deploy.0 = Debug|x86
		{AD758D68-B2A6-45DA-8FB0-72B972ADAEC6}.Debug|ARM.ActiveCfg = Debug|ARM
		{AD758D68-B2A6-45DA-8FB0-72B972ADAEC6}.Debug|ARM.Build.0 = Debug|ARM
		{AD758D68-B2A6-45DA-8FB0-72B972ADAEC6}.Debug|ARM.Deploy.0 = Debug|ARM
		{AD758D68-B2A6-45DA-8FB0-72B972ADAEC6}.Debug|ARM64.ActiveCfg = Debug|ARM64
		{AD758D68-B2A6-45DA-8FB0-72B972ADAEC6}.Debug|ARM64.Build.0 = Debug|ARM64
		{AD758D68-B2A6-45DA-8FB0-72B972ADAEC6}.Debug|ARM64.Deploy.0 = Debug|ARM64
		{AD758D68-B2A6-45DA-8FB0-72B972ADAEC6}.Debug|x64.ActiveCfg = Debug|x64
		{AD758D68-B2A6-45DA-8FB0-72B972ADAEC6}.Debug|x64.Build.0 = Debug|x64
		{AD758D68-B2A6-45DA-8FB0-72B972ADAEC6}.Debug|x64.Deploy.0 = Debug|x64
		{AD758D68-B2A6-45DA-8FB0-72B972ADAEC6}.Debug|x86.ActiveCfg = Debug|x86
		{AD758D68-B2A6-45DA-8FB0-72B972ADAEC6}.Debug|x86.Build.0 = Debug|x86
		{AD758D68-B2A6-45DA-8FB0-72B972ADAEC6}.Debug|x86.Deploy.0 = Debug|x86
		{AD758D68-B2A6-45DA-8FB0-72B972ADAEC6}.Release|Any CPU.ActiveCfg = Release|x86
		{AD758D68-B2A6-45DA-8FB0-72B972ADAEC6}.Release|ARM.ActiveCfg = Release|ARM
		{AD758D68-B2A6-45DA-8FB0-72B972ADAEC6}.Release|ARM.Build.0 = Release|ARM
		{AD758D68-B2A6-45DA-8FB0-72B972ADAEC6}.Release|ARM.Deploy.0 = Release|ARM
		{AD758D68-B2A6-45DA-8FB0-72B972ADAEC6}.Release|ARM64.ActiveCfg = Release|ARM64
		{AD758D68-B2A6-45DA-8FB0-72B972ADAEC6}.Release|ARM64.Build.0 = Release|ARM64
		{AD758D68-B2A6-45DA-8FB0-72B972ADAEC6}.Release|ARM64.Deploy.0 = Release|ARM64
		{AD758D68-B2A6-45DA-8FB0-72B972ADAEC6}.Release|x64.ActiveCfg = Release|x64
		{AD758D68-B2A6-45DA-8FB0-72B972ADAEC6}.Release|x64.Build.0 = Release|x64
		{AD758D68-B2A6-45DA-8FB0-72B972ADAEC6}.Release|x64.Deploy.0 = Release|x64
		{AD758D68-B2A6-45DA-8FB0-72B972ADAEC6}.Release|x86.ActiveCfg = Release|x86
		{AD758D68-B2A6-45DA-8FB0-72B972ADAEC6}.Release|x86.Build.0 = Release|x86
		{AD758D68-B2A6-45DA-8FB0-72B972ADAEC6}.Release|x86.Deploy.0 = Release|x86
		{92AB10E0-574D-4186-ABA4-1486271B5F6D}.Debug|Any CPU.ActiveCfg = Debug|x86
		{92AB10E0-574D-4186-ABA4-1486271B5F6D}.Debug|Any CPU.Build.0 = Debug|x86
		{92AB10E0-574D-4186-ABA4-1486271B5F6D}.Debug|Any CPU.Deploy.0 = Debug|x86
		{92AB10E0-574D-4186-ABA4-1486271B5F6D}.Debug|ARM.ActiveCfg = Debug|ARM
		{92AB10E0-574D-4186-ABA4-1486271B5F6D}.Debug|ARM.Build.0 = Debug|ARM
		{92AB10E0-574D-4186-ABA4-1486271B5F6D}.Debug|ARM.Deploy.0 = Debug|ARM
		{92AB10E0-574D-4186-ABA4-1486271B5F6D}.Debug|ARM64.ActiveCfg = Debug|ARM64
		{92AB10E0-574D-4186-ABA4-1486271B5F6D}.Debug|ARM64.Build.0 = Debug|ARM64
		{92AB10E0-574D-4186-ABA4-1486271B5F6D}.Debug|ARM64.Deploy.0 = Debug|ARM64
		{92AB10E0-574D-4186-ABA4-1486271B5F6D}.Debug|x64.ActiveCfg = Debug|x64
		{92AB10E0-574D-4186-ABA4-1486271B5F6D}.Debug|x64.Build.0 = Debug|x64
		{92AB10E0-574D-4186-ABA4-1486271B5F6D}.Debug|x64.Deploy.0 = Debug|x64
		{92AB10E0-574D-4186-ABA4-1486271B5F6D}.Debug|x86.ActiveCfg = Debug|x86
		{92AB10E0-574D-4186-ABA4-1486271B5F6D}.Debug|x86.Build.0 = Debug|x86
		{92AB10E0-574D-4186-ABA4-1486271B5F6D}.Debug|x86.Deploy.0 = Debug|x86
		{92AB10E0-574D-4186-ABA4-1486271B5F6D}.Release|Any CPU.ActiveCfg = Release|x86
		{92AB10E0-574D-4186-ABA4-1486271B5F6D}.Release|ARM.ActiveCfg = Release|ARM
		{92AB10E0-574D-4186-ABA4-1486271B5F6D}.Release|ARM.Build.0 = Release|ARM
		{92AB10E0-574D-4186-ABA4-1486271B5F6D}.Release|ARM.Deploy.0 = Release|ARM
		{92AB10E0-574D-4186-ABA4-1486271B5F6D}.Release|ARM64.ActiveCfg = Release|ARM64
		{92AB10E0-574D-4186-ABA4-1486271B5F6D}.Release|ARM64.Build.0 = Release|ARM64
		{92AB10E0-574D-4186-ABA4-1486271B5F6D}.Release|ARM64.Deploy.0 = Release|ARM64
		{92AB10E0-574D-4186-ABA4-1486271B5F6D}.Release|x64.ActiveCfg = Release|x64
		{92AB10E0-574D-4186-ABA4-1486271B5F6D}.Release|x64.Build.0 = Release|x64
		{92AB10E0-574D-4186-ABA4-1486271B5F6D}.Release|x64.Deploy.0 = Release|x64
		{92AB10E0-574D-4186-ABA4-1486271B5F6D}.Release|x86.ActiveCfg = Release|x86
		{92AB10E0-574D-4186-ABA4-1486271B5F6D}.Release|x86.Build.0 = Release|x86
		{92AB10E0-574D-4186-ABA4-1486271B5F6D}.Release|x86.Deploy.0 = Release|x86
	EndGlobalSection
	GlobalSection(SolutionProperties) = preSolution
		HideSolutionNode = FALSE
	EndGlobalSection
	GlobalSection(ExtensibilityGlobals) = postSolution
		SolutionGuid = {EB80629A-69BB-40F4-BE0B-25AA38B68306}
	EndGlobalSection
EndGlobal
