
Microsoft Visual Studio Solution File, Format Version 12.00
# Visual Studio Version 16
VisualStudioVersion = 16.0.28729.10
MinimumVisualStudioVersion = 15.0.26124.0
Project("{FAE04EC0-301F-11D3-BF4B-00C04F79EFBC}") = "Client", "Client\Client.csproj", "{ADE3175E-CEDC-4880-94BF-6F1E806E20B5}"
EndProject
Project("{FAE04EC0-301F-11D3-BF4B-00C04F79EFBC}") = "Server", "Server\Server.csproj", "{8E748A98-C392-4188-A57F-10A1C41C238F}"
EndProject
Project("{FAE04EC0-301F-11D3-BF4B-00C04F79EFBC}") = "Common", "Common\Common.csproj", "{63BB9C0A-3957-4C58-A81B-F01F4DFE7B26}"
EndProject
Global
	GlobalSection(SolutionConfigurationPlatforms) = preSolution
		Debug|Any CPU = Debug|Any CPU
		Debug|ARM = Debug|ARM
		Debug|ARM64 = Debug|ARM64
		Debug|x64 = Debug|x64
		Debug|x86 = Debug|x86
		Release|Any CPU = Release|Any CPU
		Release|ARM = Release|ARM
		Release|ARM64 = Release|ARM64
		Release|x64 = Release|x64
		Release|x86 = Release|x86
	EndGlobalSection
	GlobalSection(ProjectConfigurationPlatforms) = postSolution
		{ADE3175E-CEDC-4880-94BF-6F1E806E20B5}.Debug|Any CPU.ActiveCfg = Debug|x86
		{ADE3175E-CEDC-4880-94BF-6F1E806E20B5}.Debug|ARM.ActiveCfg = Debug|ARM
		{ADE3175E-CEDC-4880-94BF-6F1E806E20B5}.Debug|ARM.Build.0 = Debug|ARM
		{ADE3175E-CEDC-4880-94BF-6F1E806E20B5}.Debug|ARM.Deploy.0 = Debug|ARM
		{ADE3175E-CEDC-4880-94BF-6F1E806E20B5}.Debug|ARM64.ActiveCfg = Debug|ARM64
		{ADE3175E-CEDC-4880-94BF-6F1E806E20B5}.Debug|ARM64.Build.0 = Debug|ARM64
		{ADE3175E-CEDC-4880-94BF-6F1E806E20B5}.Debug|ARM64.Deploy.0 = Debug|ARM64
		{ADE3175E-CEDC-4880-94BF-6F1E806E20B5}.Debug|x64.ActiveCfg = Debug|x64
		{ADE3175E-CEDC-4880-94BF-6F1E806E20B5}.Debug|x64.Build.0 = Debug|x64
		{ADE3175E-CEDC-4880-94BF-6F1E806E20B5}.Debug|x64.Deploy.0 = Debug|x64
		{ADE3175E-CEDC-4880-94BF-6F1E806E20B5}.Debug|x86.ActiveCfg = Debug|x86
		{ADE3175E-CEDC-4880-94BF-6F1E806E20B5}.Debug|x86.Build.0 = Debug|x86
		{ADE3175E-CEDC-4880-94BF-6F1E806E20B5}.Debug|x86.Deploy.0 = Debug|x86
		{ADE3175E-CEDC-4880-94BF-6F1E806E20B5}.Release|Any CPU.ActiveCfg = Release|x86
		{ADE3175E-CEDC-4880-94BF-6F1E806E20B5}.Release|ARM.ActiveCfg = Release|ARM
		{ADE3175E-CEDC-4880-94BF-6F1E806E20B5}.Release|ARM.Build.0 = Release|ARM
		{ADE3175E-CEDC-4880-94BF-6F1E806E20B5}.Release|ARM.Deploy.0 = Release|ARM
		{ADE3175E-CEDC-4880-94BF-6F1E806E20B5}.Release|ARM64.ActiveCfg = Release|ARM64
		{ADE3175E-CEDC-4880-94BF-6F1E806E20B5}.Release|ARM64.Build.0 = Release|ARM64
		{ADE3175E-CEDC-4880-94BF-6F1E806E20B5}.Release|ARM64.Deploy.0 = Release|ARM64
		{ADE3175E-CEDC-4880-94BF-6F1E806E20B5}.Release|x64.ActiveCfg = Release|x64
		{ADE3175E-CEDC-4880-94BF-6F1E806E20B5}.Release|x64.Build.0 = Release|x64
		{ADE3175E-CEDC-4880-94BF-6F1E806E20B5}.Release|x64.Deploy.0 = Release|x64
		{ADE3175E-CEDC-4880-94BF-6F1E806E20B5}.Release|x86.ActiveCfg = Release|x86
		{ADE3175E-CEDC-4880-94BF-6F1E806E20B5}.Release|x86.Build.0 = Release|x86
		{ADE3175E-CEDC-4880-94BF-6F1E806E20B5}.Release|x86.Deploy.0 = Release|x86
		{8E748A98-C392-4188-A57F-10A1C41C238F}.Debug|Any CPU.ActiveCfg = Debug|Any CPU
		{8E748A98-C392-4188-A57F-10A1C41C238F}.Debug|Any CPU.Build.0 = Debug|Any CPU
		{8E748A98-C392-4188-A57F-10A1C41C238F}.Debug|ARM.ActiveCfg = Debug|Any CPU
		{8E748A98-C392-4188-A57F-10A1C41C238F}.Debug|ARM.Build.0 = Debug|Any CPU
		{8E748A98-C392-4188-A57F-10A1C41C238F}.Debug|ARM64.ActiveCfg = Debug|Any CPU
		{8E748A98-C392-4188-A57F-10A1C41C238F}.Debug|ARM64.Build.0 = Debug|Any CPU
		{8E748A98-C392-4188-A57F-10A1C41C238F}.Debug|x64.ActiveCfg = Debug|Any CPU
		{8E748A98-C392-4188-A57F-10A1C41C238F}.Debug|x64.Build.0 = Debug|Any CPU
		{8E748A98-C392-4188-A57F-10A1C41C238F}.Debug|x86.ActiveCfg = Debug|Any CPU
		{8E748A98-C392-4188-A57F-10A1C41C238F}.Debug|x86.Build.0 = Debug|Any CPU
		{8E748A98-C392-4188-A57F-10A1C41C238F}.Release|Any CPU.ActiveCfg = Release|Any CPU
		{8E748A98-C392-4188-A57F-10A1C41C238F}.Release|Any CPU.Build.0 = Release|Any CPU
		{8E748A98-C392-4188-A57F-10A1C41C238F}.Release|ARM.ActiveCfg = Release|Any CPU
		{8E748A98-C392-4188-A57F-10A1C41C238F}.Release|ARM.Build.0 = Release|Any CPU
		{8E748A98-C392-4188-A57F-10A1C41C238F}.Release|ARM64.ActiveCfg = Release|Any CPU
		{8E748A98-C392-4188-A57F-10A1C41C238F}.Release|ARM64.Build.0 = Release|Any CPU
		{8E748A98-C392-4188-A57F-10A1C41C238F}.Release|x64.ActiveCfg = Release|Any CPU
		{8E748A98-C392-4188-A57F-10A1C41C238F}.Release|x64.Build.0 = Release|Any CPU
		{8E748A98-C392-4188-A57F-10A1C41C238F}.Release|x86.ActiveCfg = Release|Any CPU
		{8E748A98-C392-4188-A57F-10A1C41C238F}.Release|x86.Build.0 = Release|Any CPU
		{63BB9C0A-3957-4C58-A81B-F01F4DFE7B26}.Debug|Any CPU.ActiveCfg = Debug|Any CPU
		{63BB9C0A-3957-4C58-A81B-F01F4DFE7B26}.Debug|Any CPU.Build.0 = Debug|Any CPU
		{63BB9C0A-3957-4C58-A81B-F01F4DFE7B26}.Debug|ARM.ActiveCfg = Debug|Any CPU
		{63BB9C0A-3957-4C58-A81B-F01F4DFE7B26}.Debug|ARM.Build.0 = Debug|Any CPU
		{63BB9C0A-3957-4C58-A81B-F01F4DFE7B26}.Debug|ARM64.ActiveCfg = Debug|Any CPU
		{63BB9C0A-3957-4C58-A81B-F01F4DFE7B26}.Debug|ARM64.Build.0 = Debug|Any CPU
		{63BB9C0A-3957-4C58-A81B-F01F4DFE7B26}.Debug|x64.ActiveCfg = Debug|Any CPU
		{63BB9C0A-3957-4C58-A81B-F01F4DFE7B26}.Debug|x64.Build.0 = Debug|Any CPU
		{63BB9C0A-3957-4C58-A81B-F01F4DFE7B26}.Debug|x86.ActiveCfg = Debug|Any CPU
		{63BB9C0A-3957-4C58-A81B-F01F4DFE7B26}.Debug|x86.Build.0 = Debug|Any CPU
		{63BB9C0A-3957-4C58-A81B-F01F4DFE7B26}.Release|Any CPU.ActiveCfg = Release|Any CPU
		{63BB9C0A-3957-4C58-A81B-F01F4DFE7B26}.Release|Any CPU.Build.0 = Release|Any CPU
		{63BB9C0A-3957-4C58-A81B-F01F4DFE7B26}.Release|ARM.ActiveCfg = Release|Any CPU
		{63BB9C0A-3957-4C58-A81B-F01F4DFE7B26}.Release|ARM.Build.0 = Release|Any CPU
		{63BB9C0A-3957-4C58-A81B-F01F4DFE7B26}.Release|ARM64.ActiveCfg = Release|Any CPU
		{63BB9C0A-3957-4C58-A81B-F01F4DFE7B26}.Release|ARM64.Build.0 = Release|Any CPU
		{63BB9C0A-3957-4C58-A81B-F01F4DFE7B26}.Release|x64.ActiveCfg = Release|Any CPU
		{63BB9C0A-3957-4C58-A81B-F01F4DFE7B26}.Release|x64.Build.0 = Release|Any CPU
		{63BB9C0A-3957-4C58-A81B-F01F4DFE7B26}.Release|x86.ActiveCfg = Release|Any CPU
		{63BB9C0A-3957-4C58-A81B-F01F4DFE7B26}.Release|x86.Build.0 = Release|Any CPU
	EndGlobalSection
	GlobalSection(SolutionProperties) = preSolution
		HideSolutionNode = FALSE
	EndGlobalSection
	GlobalSection(ExtensibilityGlobals) = postSolution
		SolutionGuid = {EB80629A-69BB-40F4-BE0B-25AA38B68306}
	EndGlobalSection
EndGlobal
